
Microsoft Visual Studio Solution File, Format Version 12.00
# Visual Studio 15
VisualStudioVersion = 15.0.28010.2026
MinimumVisualStudioVersion = 10.0.40219.1
Project("{8BC9CEB8-8B4A-11D0-8D11-00A0C91BC942}") = "Pattern_Command", "Pattern_Command.vcxproj", "{8E52AFB1-8317-43FC-B5A7-B60E633EDEAC}"
EndProject
Global
	GlobalSection(SolutionConfigurationPlatforms) = preSolution
		Debug|x64 = Debug|x64
		Debug|x86 = Debug|x86
		Release|x64 = Release|x64
		Release|x86 = Release|x86
	EndGlobalSection
	GlobalSection(ProjectConfigurationPlatforms) = postSolution
		{8E52AFB1-8317-43FC-B5A7-B60E633EDEAC}.Debug|x64.ActiveCfg = Debug|x64
		{8E52AFB1-8317-43FC-B5A7-B60E633EDEAC}.Debug|x64.Build.0 = Debug|x64
		{8E52AFB1-8317-43FC-B5A7-B60E633EDEAC}.Debug|x86.ActiveCfg = Debug|Win32
		{8E52AFB1-8317-43FC-B5A7-B60E633EDEAC}.Debug|x86.Build.0 = Debug|Win32
		{8E52AFB1-8317-43FC-B5A7-B60E633EDEAC}.Release|x64.ActiveCfg = Release|x64
		{8E52AFB1-8317-43FC-B5A7-B60E633EDEAC}.Release|x64.Build.0 = Release|x64
		{8E52AFB1-8317-43FC-B5A7-B60E633EDEAC}.Release|x86.ActiveCfg = Release|Win32
		{8E52AFB1-8317-43FC-B5A7-B60E633EDEAC}.Release|x86.Build.0 = Release|Win32
	EndGlobalSection
	GlobalSection(SolutionProperties) = preSolution
		HideSolutionNode = FALSE
	EndGlobalSection
	GlobalSection(ExtensibilityGlobals) = postSolution
		SolutionGuid = {3B2B2DEF-729B-4FDD-BAC3-ADA1E62F26B3}
	EndGlobalSection
EndGlobal
